
Microsoft Visual Studio Solution File, Format Version 12.00
# Visual Studio Version 17
VisualStudioVersion = 17.13.35931.197 d17.13
MinimumVisualStudioVersion = 10.0.40219.1
Project("{FAE04EC0-301F-11D3-BF4B-00C04F79EFBC}") = "BackPruebaTecnicaCarsales", "BackPruebaTecnicaCarsales.csproj", "{A2A1EF94-3F06-4F7A-8374-361D76A7E4A8}"
EndProject
Global
	GlobalSection(SolutionConfigurationPlatforms) = preSolution
		Debug|Any CPU = Debug|Any CPU
		Release|Any CPU = Release|Any CPU
	EndGlobalSection
	GlobalSection(ProjectConfigurationPlatforms) = postSolution
		{A2A1EF94-3F06-4F7A-8374-361D76A7E4A8}.Debug|Any CPU.ActiveCfg = Debug|Any CPU
		{A2A1EF94-3F06-4F7A-8374-361D76A7E4A8}.Debug|Any CPU.Build.0 = Debug|Any CPU
		{A2A1EF94-3F06-4F7A-8374-361D76A7E4A8}.Release|Any CPU.ActiveCfg = Release|Any CPU
		{A2A1EF94-3F06-4F7A-8374-361D76A7E4A8}.Release|Any CPU.Build.0 = Release|Any CPU
	EndGlobalSection
	GlobalSection(SolutionProperties) = preSolution
		HideSolutionNode = FALSE
	EndGlobalSection
	GlobalSection(ExtensibilityGlobals) = postSolution
		SolutionGuid = {494849FD-4158-45B1-BFB7-3645685209BA}
	EndGlobalSection
EndGlobal
